
Microsoft Visual Studio Solution File, Format Version 12.00
# Visual Studio Version 17
VisualStudioVersion = 17.6.33815.320
MinimumVisualStudioVersion = 10.0.40219.1
Project("{FAE04EC0-301F-11D3-BF4B-00C04F79EFBC}") = "UnitTests", "UnitTests\UnitTests.csproj", "{45F9D737-75C3-4694-B4F0-34CAB0484DD1}"
EndProject
Global
	GlobalSection(SolutionConfigurationPlatforms) = preSolution
		Debug|Any CPU = Debug|Any CPU
		Release|Any CPU = Release|Any CPU
	EndGlobalSection
	GlobalSection(ProjectConfigurationPlatforms) = postSolution
		{45F9D737-75C3-4694-B4F0-34CAB0484DD1}.Debug|Any CPU.ActiveCfg = Debug|Any CPU
		{45F9D737-75C3-4694-B4F0-34CAB0484DD1}.Debug|Any CPU.Build.0 = Debug|Any CPU
		{45F9D737-75C3-4694-B4F0-34CAB0484DD1}.Release|Any CPU.ActiveCfg = Release|Any CPU
		{45F9D737-75C3-4694-B4F0-34CAB0484DD1}.Release|Any CPU.Build.0 = Release|Any CPU
	EndGlobalSection
	GlobalSection(SolutionProperties) = preSolution
		HideSolutionNode = FALSE
	EndGlobalSection
	GlobalSection(ExtensibilityGlobals) = postSolution
		SolutionGuid = {ED4B6940-AB0B-4179-BC75-79E57C9335ED}
	EndGlobalSection
EndGlobal
